
Microsoft Visual Studio Solution File, Format Version 12.00
# Visual Studio Version 17
VisualStudioVersion = 17.6.33815.320
MinimumVisualStudioVersion = 10.0.40219.1
Project("{FAE04EC0-301F-11D3-BF4B-00C04F79EFBC}") = "VetClinicPatientMgtProject", "VetClinicPatientMgtProject.csproj", "{276CB2CF-9784-4C16-9334-03BC70A2757D}"
EndProject
Global
	GlobalSection(SolutionConfigurationPlatforms) = preSolution
		Debug|Any CPU = Debug|Any CPU
		Release|Any CPU = Release|Any CPU
	EndGlobalSection
	GlobalSection(ProjectConfigurationPlatforms) = postSolution
		{276CB2CF-9784-4C16-9334-03BC70A2757D}.Debug|Any CPU.ActiveCfg = Debug|Any CPU
		{276CB2CF-9784-4C16-9334-03BC70A2757D}.Debug|Any CPU.Build.0 = Debug|Any CPU
		{276CB2CF-9784-4C16-9334-03BC70A2757D}.Release|Any CPU.ActiveCfg = Release|Any CPU
		{276CB2CF-9784-4C16-9334-03BC70A2757D}.Release|Any CPU.Build.0 = Release|Any CPU
	EndGlobalSection
	GlobalSection(SolutionProperties) = preSolution
		HideSolutionNode = FALSE
	EndGlobalSection
	GlobalSection(ExtensibilityGlobals) = postSolution
		SolutionGuid = {749E472D-1BB1-4CC6-BCB0-9D0CF10DFC5F}
	EndGlobalSection
EndGlobal
